{
    "version": "0.5",
    "requires": [
        "testgen-model-interface/0.1.0-rc.0.25+sc.sc-dt.2024.04@sc/main#b8504aefb863964c44bb844c6df51c9fbbc1b982%1714151615.321",
        "sc-lzma/5.4.6-rc.0.196+sc.sc-dt.2024.04@sc/main#e40f151d8e9ea6a946937965dc1abdb6530955aa%1714168611.575",
        "riscv-isa-sim/0.1.0-rc.0.183+sc.sc-dt.2024.04@sc/main#4ae63bdf1772843242199a1ae559f413fcd76979%1714152611.13",
        "riscv-gdb/13.2.0-rc.0.107+sc.sc-dt.2024.04@sc/main#674eac133171e9e381a7ecfc29694b178fdcdd87%1714170321.95",
        "riscv-gcc/12.2.1-rc.0.105+sc.sc-dt.2024.04@sc/main#0f3b6aca0180ffbc3f5210305431bace5ab6569f%1714165656.417",
        "riscv-binutils/2.38.0-rc.0.36+sc.sc-dt.2024.04@sc/main#ab1ef54525d1be3254967dfd57fca3746eb9c453%1714162940.957",
        "rapidyaml/0.5.0#c6f48c5eb99c1d0bad5c4ac8e6960375%1699016203.526",
        "python/3.10.7-rc.0.196+sc.sc-dt.2024.04@sc/main#19ea03369e8e9b19cf9d30706ac0b2c118361818%1714168612.662",
        "openocd_source_deps/0.0.1-rc.0.196+sc.sc-dt.2024.04@sc/main#5513fdee860169719eda87901ad40fc42755df72%1714151648.104",
        "gdb_source_deps/0.0.1-rc.0.196+sc.sc-dt.2024.04@sc/main#da8938ccd11eeb9ea4879d58ffb624c11bd7dc1c%1714151667.074",
        "fast_float/5.2.0#9bf1a3fac625789f2b571d43efb8013b%1700236504.274",
        "external_openocd_tests/0.0.3-rc.0.218+sc.main@sc/main#58081d0cd90605f8bc8fcc20e93f986ec539893e%1716462425.531",
        "dejagnu/1.6.3-rc.0.196+sc.sc-dt.2024.04@sc/main#82b5b8566b089ee017899523baa4d0e63dc062d8%1714151650.996",
        "c4core/0.1.11#5c6caad554b14584140f7e66c47eefb5%1699016213.432"
    ],
    "build_requires": [
        "riscv-newlib/4.3.0-rc.0.31+sc.sc-dt.2024.04@sc/main#ca71db1d9ad4daed0c48d4cbf78074ebaa853b9a%1714156669.769",
        "riscv-glibc/2.33.0-rc.0.42+sc.sc-dt.2024.04@sc/main#f7618f284e82e2561e8e63c3b10dab3394f06739%1714155659.687",
        "riscv-gcc-raw/12.2.1-rc.0.106+sc.sc-dt.2024.04@sc/main#737858927d1cb1d416c2d70035696e1261b6dc81%1714154645.867",
        "riscv-binutils-raw/2.38.0-rc.0.36+sc.sc-dt.2024.04@sc/main#5be99bccb0ee70646dd54ffaffff5438fd19ce37%1714152637.338",
        "multilib-desc/1.0.0-rc.0.178+sc.sc-dt.2024.04@sc/main#ede53c6e144be6e32a04b32973adaf7f15666641%1714151630.321",
        "glibc-linux-headers/5.10.5-rc.0.88+sc.main@sc/main#cded0422f0b06fc8a462d722139e790ee2b4286b%1699523647.321"
    ],
    "python_requires": []
}
