{
    "version": "0.5",
    "requires": [
        "testgen-model-interface/0.1.0-rc.0.29+sc.sc-dt.2024.09@sc/main#eafd57c98ce60f698f4f090a64cf6310f4837b20%1727425888.847",
        "sc-zstd/1.5.6-rc.0.283+sc.sc-dt.2024.09@sc/main#3dbe1b685e4cadac9cdf5560189e71d0eec4f81e%1727439320.676",
        "sc-lzma/5.6.1-rc.0.283+sc.sc-dt.2024.09@sc/main#8c3c81f081648bcaff2afb03448b187f0933cd1f%1727450300.629",
        "riscv-isa-sim/0.1.0-rc.0.261+sc.sc-dt.2024.09@sc/main#8273980ddd29723e419e599ef42c6752d81c0b2c%1727426562.011",
        "riscv-gdb/15.1.0-rc.1.22+sc.sc-dt.2024.09@sc/main#7f772a55343ce4d1b8322ab163d871f8d06bf116%1727451379.23",
        "riscv-gcc/13.2.0-rc.0.136+sc.sc-dt.2024.09@sc/main#5ba4458a6ab3df041c3cafdabc197c0433a2b33f%1727443543.763",
        "riscv-binutils/2.42.0-rc.0.50+sc.sc-dt.2024.09@sc/main#35a8516c43b74f0c0b8cbc44fe4008bea2235fef%1727440318.478",
        "rapidyaml/0.5.0#c6f48c5eb99c1d0bad5c4ac8e6960375%1699016203.526",
        "python-gcc-12/3.10.7-rc.0.283+sc.sc-dt.2024.09@sc/main#5661fc08c06a609c7fd06522b53b1db890862dd9%1727440919.265",
        "openocd_source_deps/0.0.1-rc.0.283+sc.sc-dt.2024.09@sc/main#aa86fd877cd422bdfa35ecee6291e30fd5e251db%1727425971.543",
        "libusb/1.0.26#c0c00750b383839aa140a0be628d552c%1699027750.602",
        "libudev/system#86e335f85cbb299d6c9fc6260b3f1b0b%1699027725.148",
        "libftdi/1.5#55ee16fbd5bbe4eab9d6f1f03fe0bf85%1718294061.052",
        "jansson/2.14#42fc601d5b8e236e050e48f2321ef851%1712843826.616",
        "hidapi/0.13.1#20fbe2186ac901286e0f5e7181cf1db7%1718294130.61",
        "gdb_source_deps/0.0.1-rc.0.283+sc.sc-dt.2024.09@sc/main#299d9b532efae368c01c5be4a48530806c9d7fe9%1727426001.195",
        "fast_float/5.2.0#9bf1a3fac625789f2b571d43efb8013b%1700236504.274",
        "external_openocd_tests/0.0.3-rc.0.283+sc.sc-dt.2024.09@sc/main#ecd8bf7f9595670f56679164fd5b0ee16f2320ce%1727425991.702",
        "dejagnu/1.6.3-rc.0.283+sc.sc-dt.2024.09@sc/main#4cadd346302193359ec7bec57648533cac8ce136%1727425963.684",
        "c4core/0.1.11#5c6caad554b14584140f7e66c47eefb5%1699016213.432"
    ],
    "build_requires": [
        "riscv-newlib/4.4.0-rc.0.41+sc.sc-dt.2024.09@sc/main#99e2cd68c20801ce4a4e169142cb28479600ca6e%1727429967.335",
        "riscv-glibc/2.38.0-rc.0.61+sc.sc-dt.2024.09@sc/main#fcc8a8ce2bfbb58e350f4a9f6a090fa241bcad40%1727430013.584",
        "riscv-gcc-raw/13.2.0-rc.0.136+sc.sc-dt.2024.09@sc/main#9161b63e81fcf3a671b692c4f0152ba8700a977c%1727428973.396",
        "riscv-binutils-raw/2.42.0-rc.0.50+sc.sc-dt.2024.09@sc/main#18c214ad62ed24924d7d1c46d0d75bd614ff4c3c%1727426665.334",
        "pkgconf/1.9.3#3e658ebc066dc868a1f8a472c1065368%1718360168.164",
        "ninja/1.11.1#77587f8c8318662ac8e5a7867eb4be21%1718364966.072",
        "multilib-desc/1.0.0-rc.0.283+sc.sc-dt.2024.09@sc/main#8dbcac4c26db400ae76c7206fa746922825f9dd4%1727425968.813",
        "meson/1.2.2#04bdfb85d665c82b08a3510aee3ffd19%1718360185.92",
        "m4/1.4.19#b38ced39a01e31fef5435bc634461fd2%1717689741.889",
        "libtool/2.4.7#08316dad5c72c541ed21e039e4cf217b%1718296814.154",
        "hwbp_qemu_files/1.0.0-rc.0.283+sc.sc-dt.2024.09@sc/main#8eef2df425cdbcbf38b5be5f1e1cc70478546a6d%1727426075.052",
        "gnu-config/cci.20210814#dc430d754f465e8c74463019672fb97b%1718363816.46",
        "glibc-linux-headers/6.6.3-rc.0.283+sc.sc-dt.2024.09@sc/main#30b4854ddf980cb3dbe913b209042a50eedde709%1727426962.652",
        "automake/1.16.5#058bda3e21c36c9aa8425daf3c1faf50%1718359402.592",
        "autoconf/2.71#f9307992909d7fb3df459340f1932809%1718360141.211"
    ],
    "python_requires": [
        "makepy_hints/1.0.0-rc.0.316+sc.main@sc/main#aa0106d519ec11492ae1ac9a5c2c300b3d44b918%1718273456.505"
    ]
}