{
    "version": "0.5",
    "requires": [
        "testgen-model-interface/0.1.0-rc.0.29+sc.sc-dt.2024.11@sc/main#57b59668f36ac66879e6dcd384e79ddc8dcbcfe9%1732695911.653",
        "sc-zstd/1.5.6-rc.0.302+sc.sc-dt.2024.11@sc/main#1ed433da3a7180e9d3c309a2047babf972fe9cb8%1732708129.336",
        "sc-lzma/5.6.1-rc.0.302+sc.sc-dt.2024.11@sc/main#1849071ef363edbdab3c09bf28f0254f14268663%1732720354.188",
        "riscv-isa-sim/0.1.0-rc.0.269+sc.sc-dt.2024.11@sc/main#d7435407dd2b492fe47f7071e03762cf2a5a185f%1732696648.921",
        "riscv-gdb/15.1.0-rc.1.55+sc.sc-dt.2024.11@sc/main#97894479376e6f2aa149113ccb55c26af2c43c54%1732721432.829",
        "riscv-gcc/14.2.0-rc.0.140+sc.sc-dt.2024.11@sc/main#cdcb53c384f8d18dbe0dd1f0e7243c971cc187c3%1732713104.531",
        "riscv-binutils/2.43.1-rc.0.53+sc.sc-dt.2024.11@sc/main#4b2a4dae8ebf33502a4778bb752155cdcc4c8623%1732708966.318",
        "rapidyaml/0.5.0#c6f48c5eb99c1d0bad5c4ac8e6960375%1699016203.526",
        "python-gcc-12/3.10.7-rc.0.302+sc.sc-dt.2024.11@sc/main#7d20b95cbe62eee6e5c1ba5fb9a06dc02b14c3e0%1732709757.545",
        "openocd_source_deps/0.0.1-rc.0.302+sc.sc-dt.2024.11@sc/main#de87126ba52862f9d6fa5638204065308bd854ca%1732695993.584",
        "libusb/1.0.26#c0c00750b383839aa140a0be628d552c%1699027750.602",
        "libudev/system#86e335f85cbb299d6c9fc6260b3f1b0b%1699027725.148",
        "libftdi/1.5#55ee16fbd5bbe4eab9d6f1f03fe0bf85%1718294061.052",
        "jansson/2.14#42fc601d5b8e236e050e48f2321ef851%1712843826.616",
        "hidapi/0.13.1#20fbe2186ac901286e0f5e7181cf1db7%1718294130.61",
        "gdb_source_deps/0.0.1-rc.0.302+sc.sc-dt.2024.11@sc/main#af667f3f28ebd2efb8b6fae3c72d0dad8515340a%1732696016.951",
        "fast_float/5.2.0#9bf1a3fac625789f2b571d43efb8013b%1700236504.274",
        "external_openocd_tests/0.0.3-rc.0.302+sc.sc-dt.2024.11@sc/main#71686725384b9e97ddb530e4118b871153888606%1732695976.765",
        "dejagnu/1.6.3-rc.0.302+sc.sc-dt.2024.11@sc/main#9581581f78abafff7b8c24c63b64f62b90941fad%1732695982.323",
        "c4core/0.1.11#5c6caad554b14584140f7e66c47eefb5%1699016213.432"
    ],
    "build_requires": [
        "riscv-newlib/4.4.0-rc.0.44+sc.sc-dt.2024.11@sc/main#cb34efeda811c27ce379e948de7ade16fc48e33b%1732701236.703",
        "riscv-glibc/2.38.0-rc.0.65+sc.sc-dt.2024.11@sc/main#36f0e45fbef3e614b6a2eee3e0c97c9f643af6f4%1732701376.571",
        "riscv-gcc-raw/14.2.0-rc.0.140+sc.sc-dt.2024.11@sc/main#ba4279c0f997b8500d074505dccab458a1ca01e5%1732700178.923",
        "riscv-binutils-raw/2.43.1-rc.0.53+sc.sc-dt.2024.11@sc/main#ab552258ef64a539a223c85f69dbd036ab668cdb%1732697452.621",
        "pkgconf/1.9.3#3e658ebc066dc868a1f8a472c1065368%1718360168.164",
        "ninja/1.11.1#77587f8c8318662ac8e5a7867eb4be21%1718364966.072",
        "multilib-desc/1.0.0-rc.0.302+sc.sc-dt.2024.11@sc/main#1c1ece463fef8cf6f9e3ea7b8976f97ec5d47216%1732695998.62",
        "meson/1.2.2#04bdfb85d665c82b08a3510aee3ffd19%1718360185.92",
        "m4/1.4.19#b38ced39a01e31fef5435bc634461fd2%1717689741.889",
        "libtool/2.4.7#08316dad5c72c541ed21e039e4cf217b%1718296814.154",
        "hwbp_qemu_files/1.0.0-rc.0.302+sc.sc-dt.2024.11@sc/main#cfd74779ae0103a9c29c0796fe4f4b7310cb3d9b%1732696022.699",
        "gnu-config/cci.20210814#dc430d754f465e8c74463019672fb97b%1718363816.46",
        "glibc-linux-headers/6.6.3-rc.0.302+sc.sc-dt.2024.11@sc/main#e1a7cc40b3c656403b3ac9316d0f08d0ae843fe1%1732697223.296",
        "automake/1.16.5#058bda3e21c36c9aa8425daf3c1faf50%1718359402.592",
        "autoconf/2.71#f9307992909d7fb3df459340f1932809%1718360141.211"
    ],
    "python_requires": [
        "makepy_hints/1.0.0-rc.0.316+sc.main@sc/main#aa0106d519ec11492ae1ac9a5c2c300b3d44b918%1718273456.505"
    ]
}